<?xml version="1.0" encoding="utf-8"?>
<Project ToolsVersion="4.0" xmlns="http://schemas.microsoft.com/developer/msbuild/2003">
  <ItemGroup>
    <Filter Include="File di origine">
      <UniqueIdentifier>{4FC737F1-C7A5-4376-A066-2A32D752A2FF}</UniqueIdentifier>
      <Extensions>cpp;c;cc;cxx;c++;cppm;ixx;def;odl;idl;hpj;bat;asm;asmx</Extensions>
    </Filter>
    <Filter Include="File di intestazione">
      <UniqueIdentifier>{93995380-89BD-4b04-88EB-625FBE52EBFB}</UniqueIdentifier>
      <Extensions>h;hh;hpp;hxx;h++;hm;inl;inc;ipp;xsd</Extensions>
    </Filter>
    <Filter Include="File di risorse">
      <UniqueIdentifier>{67DA6AB6-F800-4c08-8B7A-83BB121AAD01}</UniqueIdentifier>
      <Extensions>rc;ico;cur;bmp;dlg;rc2;rct;bin;rgs;gif;jpg;jpeg;jpe;resx;tiff;tif;png;wav;mfcribbon-ms</Extensions>
    </Filter>
  </ItemGroup>
  <ItemGroup>
    <ClInclude Include="SDL2-2.0.14\include\begin_code.h">
      <Filter>File di intestazione</Filter>
    </ClInclude>
    <ClInclude Include="SDL2-2.0.14\include\close_code.h">
      <Filter>File di intestazione</Filter>
    </ClInclude>
    <ClInclude Include="SDL2-2.0.14\include\SDL.h">
      <Filter>File di intestazione</Filter>
    </ClInclude>
    <ClInclude Include="SDL2-2.0.14\include\SDL_assert.h">
      <Filter>File di intestazione</Filter>
    </ClInclude>
    <ClInclude Include="SDL2-2.0.14\include\SDL_atomic.h">
      <Filter>File di intestazione</Filter>
    </ClInclude>
    <ClInclude Include="SDL2-2.0.14\include\SDL_audio.h">
      <Filter>File di intestazione</Filter>
    </ClInclude>
    <ClInclude Include="SDL2-2.0.14\include\SDL_bits.h">
      <Filter>File di intestazione</Filter>
    </ClInclude>
    <ClInclude Include="SDL2-2.0.14\include\SDL_blendmode.h">
      <Filter>File di intestazione</Filter>
    </ClInclude>
    <ClInclude Include="SDL2-2.0.14\include\SDL_clipboard.h">
      <Filter>File di intestazione</Filter>
    </ClInclude>
    <ClInclude Include="SDL2-2.0.14\include\SDL_config.h">
      <Filter>File di intestazione</Filter>
    </ClInclude>
    <ClInclude Include="SDL2-2.0.14\include\SDL_config_android.h">
      <Filter>File di intestazione</Filter>
    </ClInclude>
    <ClInclude Include="SDL2-2.0.14\include\SDL_config_iphoneos.h">
      <Filter>File di intestazione</Filter>
    </ClInclude>
    <ClInclude Include="SDL2-2.0.14\include\SDL_config_macosx.h">
      <Filter>File di intestazione</Filter>
    </ClInclude>
    <ClInclude Include="SDL2-2.0.14\include\SDL_config_minimal.h">
      <Filter>File di intestazione</Filter>
    </ClInclude>
    <ClInclude Include="SDL2-2.0.14\include\SDL_config_pandora.h">
      <Filter>File di intestazione</Filter>
    </ClInclude>
    <ClInclude Include="SDL2-2.0.14\include\SDL_config_psp.h">
      <Filter>File di intestazione</Filter>
    </ClInclude>
    <ClInclude Include="SDL2-2.0.14\include\SDL_config_windows.h">
      <Filter>File di intestazione</Filter>
    </ClInclude>
    <ClInclude Include="SDL2-2.0.14\include\SDL_config_winrt.h">
      <Filter>File di intestazione</Filter>
    </ClInclude>
    <ClInclude Include="SDL2-2.0.14\include\SDL_config_wiz.h">
      <Filter>File di intestazione</Filter>
    </ClInclude>
    <ClInclude Include="SDL2-2.0.14\include\SDL_copying.h">
      <Filter>File di intestazione</Filter>
    </ClInclude>
    <ClInclude Include="SDL2-2.0.14\include\SDL_cpuinfo.h">
      <Filter>File di intestazione</Filter>
    </ClInclude>
    <ClInclude Include="SDL2-2.0.14\include\SDL_egl.h">
      <Filter>File di intestazione</Filter>
    </ClInclude>
    <ClInclude Include="SDL2-2.0.14\include\SDL_endian.h">
      <Filter>File di intestazione</Filter>
    </ClInclude>
    <ClInclude Include="SDL2-2.0.14\include\SDL_error.h">
      <Filter>File di intestazione</Filter>
    </ClInclude>
    <ClInclude Include="SDL2-2.0.14\include\SDL_events.h">
      <Filter>File di intestazione</Filter>
    </ClInclude>
    <ClInclude Include="SDL2-2.0.14\include\SDL_filesystem.h">
      <Filter>File di intestazione</Filter>
    </ClInclude>
    <ClInclude Include="SDL2-2.0.14\include\SDL_gamecontroller.h">
      <Filter>File di intestazione</Filter>
    </ClInclude>
    <ClInclude Include="SDL2-2.0.14\include\SDL_gesture.h">
      <Filter>File di intestazione</Filter>
    </ClInclude>
    <ClInclude Include="SDL2-2.0.14\include\SDL_haptic.h">
      <Filter>File di intestazione</Filter>
    </ClInclude>
    <ClInclude Include="SDL2-2.0.14\include\SDL_hints.h">
      <Filter>File di intestazione</Filter>
    </ClInclude>
    <ClInclude Include="SDL2-2.0.14\include\SDL_joystick.h">
      <Filter>File di intestazione</Filter>
    </ClInclude>
    <ClInclude Include="SDL2-2.0.14\include\SDL_keyboard.h">
      <Filter>File di intestazione</Filter>
    </ClInclude>
    <ClInclude Include="SDL2-2.0.14\include\SDL_keycode.h">
      <Filter>File di intestazione</Filter>
    </ClInclude>
    <ClInclude Include="SDL2-2.0.14\include\SDL_loadso.h">
      <Filter>File di intestazione</Filter>
    </ClInclude>
    <ClInclude Include="SDL2-2.0.14\include\SDL_locale.h">
      <Filter>File di intestazione</Filter>
    </ClInclude>
    <ClInclude Include="SDL2-2.0.14\include\SDL_log.h">
      <Filter>File di intestazione</Filter>
    </ClInclude>
    <ClInclude Include="SDL2-2.0.14\include\SDL_main.h">
      <Filter>File di intestazione</Filter>
    </ClInclude>
    <ClInclude Include="SDL2-2.0.14\include\SDL_messagebox.h">
      <Filter>File di intestazione</Filter>
    </ClInclude>
    <ClInclude Include="SDL2-2.0.14\include\SDL_metal.h">
      <Filter>File di intestazione</Filter>
    </ClInclude>
    <ClInclude Include="SDL2-2.0.14\include\SDL_misc.h">
      <Filter>File di intestazione</Filter>
    </ClInclude>
    <ClInclude Include="SDL2-2.0.14\include\SDL_mouse.h">
      <Filter>File di intestazione</Filter>
    </ClInclude>
    <ClInclude Include="SDL2-2.0.14\include\SDL_mutex.h">
      <Filter>File di intestazione</Filter>
    </ClInclude>
    <ClInclude Include="SDL2-2.0.14\include\SDL_name.h">
      <Filter>File di intestazione</Filter>
    </ClInclude>
    <ClInclude Include="SDL2-2.0.14\include\SDL_opengl.h">
      <Filter>File di intestazione</Filter>
    </ClInclude>
    <ClInclude Include="SDL2-2.0.14\include\SDL_opengl_glext.h">
      <Filter>File di intestazione</Filter>
    </ClInclude>
    <ClInclude Include="SDL2-2.0.14\include\SDL_opengles.h">
      <Filter>File di intestazione</Filter>
    </ClInclude>
    <ClInclude Include="SDL2-2.0.14\include\SDL_opengles2.h">
      <Filter>File di intestazione</Filter>
    </ClInclude>
    <ClInclude Include="SDL2-2.0.14\include\SDL_opengles2_gl2.h">
      <Filter>File di intestazione</Filter>
    </ClInclude>
    <ClInclude Include="SDL2-2.0.14\include\SDL_opengles2_gl2ext.h">
      <Filter>File di intestazione</Filter>
    </ClInclude>
    <ClInclude Include="SDL2-2.0.14\include\SDL_opengles2_gl2platform.h">
      <Filter>File di intestazione</Filter>
    </ClInclude>
    <ClInclude Include="SDL2-2.0.14\include\SDL_opengles2_khrplatform.h">
      <Filter>File di intestazione</Filter>
    </ClInclude>
    <ClInclude Include="SDL2-2.0.14\include\SDL_pixels.h">
      <Filter>File di intestazione</Filter>
    </ClInclude>
    <ClInclude Include="SDL2-2.0.14\include\SDL_platform.h">
      <Filter>File di intestazione</Filter>
    </ClInclude>
    <ClInclude Include="SDL2-2.0.14\include\SDL_power.h">
      <Filter>File di intestazione</Filter>
    </ClInclude>
    <ClInclude Include="SDL2-2.0.14\include\SDL_quit.h">
      <Filter>File di intestazione</Filter>
    </ClInclude>
    <ClInclude Include="SDL2-2.0.14\include\SDL_rect.h">
      <Filter>File di intestazione</Filter>
    </ClInclude>
    <ClInclude Include="SDL2-2.0.14\include\SDL_render.h">
      <Filter>File di intestazione</Filter>
    </ClInclude>
    <ClInclude Include="SDL2-2.0.14\include\SDL_revision.h">
      <Filter>File di intestazione</Filter>
    </ClInclude>
    <ClInclude Include="SDL2-2.0.14\include\SDL_rwops.h">
      <Filter>File di intestazione</Filter>
    </ClInclude>
    <ClInclude Include="SDL2-2.0.14\include\SDL_scancode.h">
      <Filter>File di intestazione</Filter>
    </ClInclude>
    <ClInclude Include="SDL2-2.0.14\include\SDL_sensor.h">
      <Filter>File di intestazione</Filter>
    </ClInclude>
    <ClInclude Include="SDL2-2.0.14\include\SDL_shape.h">
      <Filter>File di intestazione</Filter>
    </ClInclude>
    <ClInclude Include="SDL2-2.0.14\include\SDL_stdinc.h">
      <Filter>File di intestazione</Filter>
    </ClInclude>
    <ClInclude Include="SDL2-2.0.14\include\SDL_surface.h">
      <Filter>File di intestazione</Filter>
    </ClInclude>
    <ClInclude Include="SDL2-2.0.14\include\SDL_system.h">
      <Filter>File di intestazione</Filter>
    </ClInclude>
    <ClInclude Include="SDL2-2.0.14\include\SDL_syswm.h">
      <Filter>File di intestazione</Filter>
    </ClInclude>
    <ClInclude Include="SDL2-2.0.14\include\SDL_test.h">
      <Filter>File di intestazione</Filter>
    </ClInclude>
    <ClInclude Include="SDL2-2.0.14\include\SDL_test_assert.h">
      <Filter>File di intestazione</Filter>
    </ClInclude>
    <ClInclude Include="SDL2-2.0.14\include\SDL_test_common.h">
      <Filter>File di intestazione</Filter>
    </ClInclude>
    <ClInclude Include="SDL2-2.0.14\include\SDL_test_compare.h">
      <Filter>File di intestazione</Filter>
    </ClInclude>
    <ClInclude Include="SDL2-2.0.14\include\SDL_test_crc32.h">
      <Filter>File di intestazione</Filter>
    </ClInclude>
    <ClInclude Include="SDL2-2.0.14\include\SDL_test_font.h">
      <Filter>File di intestazione</Filter>
    </ClInclude>
    <ClInclude Include="SDL2-2.0.14\include\SDL_test_fuzzer.h">
      <Filter>File di intestazione</Filter>
    </ClInclude>
    <ClInclude Include="SDL2-2.0.14\include\SDL_test_harness.h">
      <Filter>File di intestazione</Filter>
    </ClInclude>
    <ClInclude Include="SDL2-2.0.14\include\SDL_test_images.h">
      <Filter>File di intestazione</Filter>
    </ClInclude>
    <ClInclude Include="SDL2-2.0.14\include\SDL_test_log.h">
      <Filter>File di intestazione</Filter>
    </ClInclude>
    <ClInclude Include="SDL2-2.0.14\include\SDL_test_md5.h">
      <Filter>File di intestazione</Filter>
    </ClInclude>
    <ClInclude Include="SDL2-2.0.14\include\SDL_test_memory.h">
      <Filter>File di intestazione</Filter>
    </ClInclude>
    <ClInclude Include="SDL2-2.0.14\include\SDL_test_random.h">
      <Filter>File di intestazione</Filter>
    </ClInclude>
    <ClInclude Include="SDL2-2.0.14\include\SDL_thread.h">
      <Filter>File di intestazione</Filter>
    </ClInclude>
    <ClInclude Include="SDL2-2.0.14\include\SDL_timer.h">
      <Filter>File di intestazione</Filter>
    </ClInclude>
    <ClInclude Include="SDL2-2.0.14\include\SDL_touch.h">
      <Filter>File di intestazione</Filter>
    </ClInclude>
    <ClInclude Include="SDL2-2.0.14\include\SDL_types.h">
      <Filter>File di intestazione</Filter>
    </ClInclude>
    <ClInclude Include="SDL2-2.0.14\include\SDL_version.h">
      <Filter>File di intestazione</Filter>
    </ClInclude>
    <ClInclude Include="SDL2-2.0.14\include\SDL_video.h">
      <Filter>File di intestazione</Filter>
    </ClInclude>
    <ClInclude Include="SDL2-2.0.14\include\SDL_vulkan.h">
      <Filter>File di intestazione</Filter>
    </ClInclude>
    <ClInclude Include="SDL2\include\begin_code.h">
      <Filter>File di intestazione</Filter>
    </ClInclude>
    <ClInclude Include="SDL2\include\close_code.h">
      <Filter>File di intestazione</Filter>
    </ClInclude>
    <ClInclude Include="SDL2\include\SDL.h">
      <Filter>File di intestazione</Filter>
    </ClInclude>
    <ClInclude Include="SDL2\include\SDL_assert.h">
      <Filter>File di intestazione</Filter>
    </ClInclude>
    <ClInclude Include="SDL2\include\SDL_atomic.h">
      <Filter>File di intestazione</Filter>
    </ClInclude>
    <ClInclude Include="SDL2\include\SDL_audio.h">
      <Filter>File di intestazione</Filter>
    </ClInclude>
    <ClInclude Include="SDL2\include\SDL_bits.h">
      <Filter>File di intestazione</Filter>
    </ClInclude>
    <ClInclude Include="SDL2\include\SDL_blendmode.h">
      <Filter>File di intestazione</Filter>
    </ClInclude>
    <ClInclude Include="SDL2\include\SDL_clipboard.h">
      <Filter>File di intestazione</Filter>
    </ClInclude>
    <ClInclude Include="SDL2\include\SDL_config.h">
      <Filter>File di intestazione</Filter>
    </ClInclude>
    <ClInclude Include="SDL2\include\SDL_config_android.h">
      <Filter>File di intestazione</Filter>
    </ClInclude>
    <ClInclude Include="SDL2\include\SDL_config_iphoneos.h">
      <Filter>File di intestazione</Filter>
    </ClInclude>
    <ClInclude Include="SDL2\include\SDL_config_macosx.h">
      <Filter>File di intestazione</Filter>
    </ClInclude>
    <ClInclude Include="SDL2\include\SDL_config_minimal.h">
      <Filter>File di intestazione</Filter>
    </ClInclude>
    <ClInclude Include="SDL2\include\SDL_config_pandora.h">
      <Filter>File di intestazione</Filter>
    </ClInclude>
    <ClInclude Include="SDL2\include\SDL_config_psp.h">
      <Filter>File di intestazione</Filter>
    </ClInclude>
    <ClInclude Include="SDL2\include\SDL_config_windows.h">
      <Filter>File di intestazione</Filter>
    </ClInclude>
    <ClInclude Include="SDL2\include\SDL_config_winrt.h">
      <Filter>File di intestazione</Filter>
    </ClInclude>
    <ClInclude Include="SDL2\include\SDL_config_wiz.h">
      <Filter>File di intestazione</Filter>
    </ClInclude>
    <ClInclude Include="SDL2\include\SDL_copying.h">
      <Filter>File di intestazione</Filter>
    </ClInclude>
    <ClInclude Include="SDL2\include\SDL_cpuinfo.h">
      <Filter>File di intestazione</Filter>
    </ClInclude>
    <ClInclude Include="SDL2\include\SDL_egl.h">
      <Filter>File di intestazione</Filter>
    </ClInclude>
    <ClInclude Include="SDL2\include\SDL_endian.h">
      <Filter>File di intestazione</Filter>
    </ClInclude>
    <ClInclude Include="SDL2\include\SDL_error.h">
      <Filter>File di intestazione</Filter>
    </ClInclude>
    <ClInclude Include="SDL2\include\SDL_events.h">
      <Filter>File di intestazione</Filter>
    </ClInclude>
    <ClInclude Include="SDL2\include\SDL_filesystem.h">
      <Filter>File di intestazione</Filter>
    </ClInclude>
    <ClInclude Include="SDL2\include\SDL_gamecontroller.h">
      <Filter>File di intestazione</Filter>
    </ClInclude>
    <ClInclude Include="SDL2\include\SDL_gesture.h">
      <Filter>File di intestazione</Filter>
    </ClInclude>
    <ClInclude Include="SDL2\include\SDL_haptic.h">
      <Filter>File di intestazione</Filter>
    </ClInclude>
    <ClInclude Include="SDL2\include\SDL_hints.h">
      <Filter>File di intestazione</Filter>
    </ClInclude>
    <ClInclude Include="SDL2\include\SDL_joystick.h">
      <Filter>File di intestazione</Filter>
    </ClInclude>
    <ClInclude Include="SDL2\include\SDL_keyboard.h">
      <Filter>File di intestazione</Filter>
    </ClInclude>
    <ClInclude Include="SDL2\include\SDL_keycode.h">
      <Filter>File di intestazione</Filter>
    </ClInclude>
    <ClInclude Include="SDL2\include\SDL_loadso.h">
      <Filter>File di intestazione</Filter>
    </ClInclude>
    <ClInclude Include="SDL2\include\SDL_locale.h">
      <Filter>File di intestazione</Filter>
    </ClInclude>
    <ClInclude Include="SDL2\include\SDL_log.h">
      <Filter>File di intestazione</Filter>
    </ClInclude>
    <ClInclude Include="SDL2\include\SDL_main.h">
      <Filter>File di intestazione</Filter>
    </ClInclude>
    <ClInclude Include="SDL2\include\SDL_messagebox.h">
      <Filter>File di intestazione</Filter>
    </ClInclude>
    <ClInclude Include="SDL2\include\SDL_metal.h">
      <Filter>File di intestazione</Filter>
    </ClInclude>
    <ClInclude Include="SDL2\include\SDL_misc.h">
      <Filter>File di intestazione</Filter>
    </ClInclude>
    <ClInclude Include="SDL2\include\SDL_mouse.h">
      <Filter>File di intestazione</Filter>
    </ClInclude>
    <ClInclude Include="SDL2\include\SDL_mutex.h">
      <Filter>File di intestazione</Filter>
    </ClInclude>
    <ClInclude Include="SDL2\include\SDL_name.h">
      <Filter>File di intestazione</Filter>
    </ClInclude>
    <ClInclude Include="SDL2\include\SDL_opengl.h">
      <Filter>File di intestazione</Filter>
    </ClInclude>
    <ClInclude Include="SDL2\include\SDL_opengl_glext.h">
      <Filter>File di intestazione</Filter>
    </ClInclude>
    <ClInclude Include="SDL2\include\SDL_opengles.h">
      <Filter>File di intestazione</Filter>
    </ClInclude>
    <ClInclude Include="SDL2\include\SDL_opengles2.h">
      <Filter>File di intestazione</Filter>
    </ClInclude>
    <ClInclude Include="SDL2\include\SDL_opengles2_gl2.h">
      <Filter>File di intestazione</Filter>
    </ClInclude>
    <ClInclude Include="SDL2\include\SDL_opengles2_gl2ext.h">
      <Filter>File di intestazione</Filter>
    </ClInclude>
    <ClInclude Include="SDL2\include\SDL_opengles2_gl2platform.h">
      <Filter>File di intestazione</Filter>
    </ClInclude>
    <ClInclude Include="SDL2\include\SDL_opengles2_khrplatform.h">
      <Filter>File di intestazione</Filter>
    </ClInclude>
    <ClInclude Include="SDL2\include\SDL_pixels.h">
      <Filter>File di intestazione</Filter>
    </ClInclude>
    <ClInclude Include="SDL2\include\SDL_platform.h">
      <Filter>File di intestazione</Filter>
    </ClInclude>
    <ClInclude Include="SDL2\include\SDL_power.h">
      <Filter>File di intestazione</Filter>
    </ClInclude>
    <ClInclude Include="SDL2\include\SDL_quit.h">
      <Filter>File di intestazione</Filter>
    </ClInclude>
    <ClInclude Include="SDL2\include\SDL_rect.h">
      <Filter>File di intestazione</Filter>
    </ClInclude>
    <ClInclude Include="SDL2\include\SDL_render.h">
      <Filter>File di intestazione</Filter>
    </ClInclude>
    <ClInclude Include="SDL2\include\SDL_revision.h">
      <Filter>File di intestazione</Filter>
    </ClInclude>
    <ClInclude Include="SDL2\include\SDL_rwops.h">
      <Filter>File di intestazione</Filter>
    </ClInclude>
    <ClInclude Include="SDL2\include\SDL_scancode.h">
      <Filter>File di intestazione</Filter>
    </ClInclude>
    <ClInclude Include="SDL2\include\SDL_sensor.h">
      <Filter>File di intestazione</Filter>
    </ClInclude>
    <ClInclude Include="SDL2\include\SDL_shape.h">
      <Filter>File di intestazione</Filter>
    </ClInclude>
    <ClInclude Include="SDL2\include\SDL_stdinc.h">
      <Filter>File di intestazione</Filter>
    </ClInclude>
    <ClInclude Include="SDL2\include\SDL_surface.h">
      <Filter>File di intestazione</Filter>
    </ClInclude>
    <ClInclude Include="SDL2\include\SDL_system.h">
      <Filter>File di intestazione</Filter>
    </ClInclude>
    <ClInclude Include="SDL2\include\SDL_syswm.h">
      <Filter>File di intestazione</Filter>
    </ClInclude>
    <ClInclude Include="SDL2\include\SDL_test.h">
      <Filter>File di intestazione</Filter>
    </ClInclude>
    <ClInclude Include="SDL2\include\SDL_test_assert.h">
      <Filter>File di intestazione</Filter>
    </ClInclude>
    <ClInclude Include="SDL2\include\SDL_test_common.h">
      <Filter>File di intestazione</Filter>
    </ClInclude>
    <ClInclude Include="SDL2\include\SDL_test_compare.h">
      <Filter>File di intestazione</Filter>
    </ClInclude>
    <ClInclude Include="SDL2\include\SDL_test_crc32.h">
      <Filter>File di intestazione</Filter>
    </ClInclude>
    <ClInclude Include="SDL2\include\SDL_test_font.h">
      <Filter>File di intestazione</Filter>
    </ClInclude>
    <ClInclude Include="SDL2\include\SDL_test_fuzzer.h">
      <Filter>File di intestazione</Filter>
    </ClInclude>
    <ClInclude Include="SDL2\include\SDL_test_harness.h">
      <Filter>File di intestazione</Filter>
    </ClInclude>
    <ClInclude Include="SDL2\include\SDL_test_images.h">
      <Filter>File di intestazione</Filter>
    </ClInclude>
    <ClInclude Include="SDL2\include\SDL_test_log.h">
      <Filter>File di intestazione</Filter>
    </ClInclude>
    <ClInclude Include="SDL2\include\SDL_test_md5.h">
      <Filter>File di intestazione</Filter>
    </ClInclude>
    <ClInclude Include="SDL2\include\SDL_test_memory.h">
      <Filter>File di intestazione</Filter>
    </ClInclude>
    <ClInclude Include="SDL2\include\SDL_test_random.h">
      <Filter>File di intestazione</Filter>
    </ClInclude>
    <ClInclude Include="SDL2\include\SDL_thread.h">
      <Filter>File di intestazione</Filter>
    </ClInclude>
    <ClInclude Include="SDL2\include\SDL_timer.h">
      <Filter>File di intestazione</Filter>
    </ClInclude>
    <ClInclude Include="SDL2\include\SDL_touch.h">
      <Filter>File di intestazione</Filter>
    </ClInclude>
    <ClInclude Include="SDL2\include\SDL_types.h">
      <Filter>File di intestazione</Filter>
    </ClInclude>
    <ClInclude Include="SDL2\include\SDL_version.h">
      <Filter>File di intestazione</Filter>
    </ClInclude>
    <ClInclude Include="SDL2\include\SDL_video.h">
      <Filter>File di intestazione</Filter>
    </ClInclude>
    <ClInclude Include="SDL2\include\SDL_vulkan.h">
      <Filter>File di intestazione</Filter>
    </ClInclude>
    <ClInclude Include="Engine\Clock.h">
      <Filter>File di intestazione</Filter>
    </ClInclude>
    <ClInclude Include="Engine\Engine.h">
      <Filter>File di intestazione</Filter>
    </ClInclude>
    <ClInclude Include="Engine\Scene.h">
      <Filter>File di intestazione</Filter>
    </ClInclude>
    <ClInclude Include="Engine\GameObject.h">
      <Filter>File di intestazione</Filter>
    </ClInclude>
    <ClInclude Include="Engine\Component.h">
      <Filter>File di intestazione</Filter>
    </ClInclude>
    <ClInclude Include="Engine\FileManager.h">
      <Filter>File di intestazione</Filter>
    </ClInclude>
    <ClInclude Include="Engine\ComponentManager.h">
      <Filter>File di intestazione</Filter>
    </ClInclude>
    <ClInclude Include="Engine\stb_image.h">
      <Filter>File di intestazione</Filter>
    </ClInclude>
    <ClInclude Include="Engine\InputHandler.h">
      <Filter>File di intestazione</Filter>
    </ClInclude>
    <ClInclude Include="Engine\ObjectPacks.h">
      <Filter>File di intestazione</Filter>
    </ClInclude>
    <ClInclude Include="Engine\RenderManager.h">
      <Filter>File di intestazione</Filter>
    </ClInclude>
    <ClInclude Include="Engine\Interfaces.h">
      <Filter>File di intestazione</Filter>
    </ClInclude>
    <ClInclude Include="Engine\AudioSystem.h">
      <Filter>File di intestazione</Filter>
    </ClInclude>
    <ClInclude Include="SDL2\include\SDL_mixer.h">
      <Filter>File di intestazione</Filter>
    </ClInclude>
    <ClInclude Include="Engine\GameEditor.h">
      <Filter>File di intestazione</Filter>
    </ClInclude>
    <ClInclude Include="Engine\CustomEventSystem.h">
      <Filter>File di intestazione</Filter>
    </ClInclude>
    <ClInclude Include="Engine\PhysicsManager.h">
      <Filter>File di intestazione</Filter>
    </ClInclude>
  </ItemGroup>
  <ItemGroup>
    <None Include="SDL2\lib\x64\SDL2.dll" />
    <None Include="SDL2.dll" />
    <None Include="Assets\audio\die.ogg" />
    <None Include="Assets\audio\hit.ogg" />
    <None Include="Assets\audio\point.ogg" />
    <None Include="Assets\audio\swoosh.ogg" />
    <None Include="Assets\audio\wing.ogg" />
    <None Include=".gitignore" />
    <None Include="README.md" />
    <None Include="SDL2\lib\x64\libFLAC-8.dll" />
    <None Include="SDL2\lib\x64\libmodplug-1.dll" />
    <None Include="SDL2\lib\x64\libmpg123-0.dll" />
    <None Include="SDL2\lib\x64\libogg-0.dll" />
    <None Include="SDL2\lib\x64\libopus-0.dll" />
    <None Include="SDL2\lib\x64\libopusfile-0.dll" />
    <None Include="SDL2\lib\x64\libvorbis-0.dll" />
    <None Include="SDL2\lib\x64\libvorbisfile-3.dll" />
    <None Include="SDL2\lib\x64\SDL2_mixer.dll" />
    <None Include="SDL2_mixer.dll" />
  </ItemGroup>
  <ItemGroup>
    <Library Include="SDL2\lib\x64\SDL2.lib" />
    <Library Include="SDL2\lib\x64\SDL2main.lib" />
    <Library Include="SDL2\lib\x64\SDL2_mixer.lib" />
    <Library Include="SDL2\lib\x64\SDL2test.lib" />
  </ItemGroup>
  <ItemGroup>
    <ClCompile Include="main.cpp">
      <Filter>File di origine</Filter>
    </ClCompile>
    <ClCompile Include="Engine\Clock.cpp">
      <Filter>File di origine</Filter>
    </ClCompile>
    <ClCompile Include="Engine\Engine.cpp">
      <Filter>File di origine</Filter>
    </ClCompile>
    <ClCompile Include="Engine\Scene.cpp">
      <Filter>File di origine</Filter>
    </ClCompile>
    <ClCompile Include="Engine\GameObject.cpp">
      <Filter>File di origine</Filter>
    </ClCompile>
    <ClCompile Include="Engine\Component.cpp">
      <Filter>File di origine</Filter>
    </ClCompile>
    <ClCompile Include="Engine\FileManager.cpp">
      <Filter>File di origine</Filter>
    </ClCompile>
    <ClCompile Include="Engine\ComponentManager.cpp">
      <Filter>File di origine</Filter>
    </ClCompile>
    <ClCompile Include="Engine\InputHandler.cpp">
      <Filter>File di origine</Filter>
    </ClCompile>
    <ClCompile Include="Engine\ObjectPacks.cpp">
      <Filter>File di origine</Filter>
    </ClCompile>
    <ClCompile Include="Engine\RenderManager.cpp">
      <Filter>File di origine</Filter>
    </ClCompile>
    <ClCompile Include="Engine\AudioSystem.cpp">
      <Filter>File di origine</Filter>
    </ClCompile>
    <ClCompile Include="Engine\GameEditor.cpp">
      <Filter>File di origine</Filter>
    </ClCompile>
    <ClCompile Include="Engine\CustomEventSystem.cpp">
      <Filter>File di origine</Filter>
    </ClCompile>
    <ClCompile Include="Engine\PhysicsManager.cpp">
      <Filter>File di origine</Filter>
    </ClCompile>
  </ItemGroup>
  <ItemGroup>
    <Media Include="Assets\audio\die.wav">
      <Filter>File di risorse</Filter>
    </Media>
    <Media Include="Assets\audio\hit.wav">
      <Filter>File di risorse</Filter>
    </Media>
    <Media Include="Assets\audio\point.wav">
      <Filter>File di risorse</Filter>
    </Media>
    <Media Include="Assets\audio\swoosh.wav">
      <Filter>File di risorse</Filter>
    </Media>
    <Media Include="Assets\audio\wing.wav">
      <Filter>File di risorse</Filter>
    </Media>
  </ItemGroup>
  <ItemGroup>
    <Image Include="Assets\sprites\redbird-midflap1.png">
      <Filter>File di risorse</Filter>
    </Image>
    <Image Include="Assets\sprites\0.png">
      <Filter>File di risorse</Filter>
    </Image>
    <Image Include="Assets\sprites\1.png">
      <Filter>File di risorse</Filter>
    </Image>
    <Image Include="Assets\sprites\2.png">
      <Filter>File di risorse</Filter>
    </Image>
    <Image Include="Assets\sprites\3.png">
      <Filter>File di risorse</Filter>
    </Image>
    <Image Include="Assets\sprites\4.png">
      <Filter>File di risorse</Filter>
    </Image>
    <Image Include="Assets\sprites\5.png">
      <Filter>File di risorse</Filter>
    </Image>
    <Image Include="Assets\sprites\6.png">
      <Filter>File di risorse</Filter>
    </Image>
    <Image Include="Assets\sprites\7.png">
      <Filter>File di risorse</Filter>
    </Image>
    <Image Include="Assets\sprites\8.png">
      <Filter>File di risorse</Filter>
    </Image>
    <Image Include="Assets\sprites\9.png">
      <Filter>File di risorse</Filter>
    </Image>
    <Image Include="Assets\sprites\background-day.png">
      <Filter>File di risorse</Filter>
    </Image>
    <Image Include="Assets\sprites\background-night.png">
      <Filter>File di risorse</Filter>
    </Image>
    <Image Include="Assets\sprites\base.png">
      <Filter>File di risorse</Filter>
    </Image>
    <Image Include="Assets\sprites\bluebird-downflap.png">
      <Filter>File di risorse</Filter>
    </Image>
    <Image Include="Assets\sprites\bluebird-midflap.png">
      <Filter>File di risorse</Filter>
    </Image>
    <Image Include="Assets\sprites\bluebird-upflap.png">
      <Filter>File di risorse</Filter>
    </Image>
    <Image Include="Assets\sprites\gameover.png">
      <Filter>File di risorse</Filter>
    </Image>
    <Image Include="Assets\sprites\message.png">
      <Filter>File di risorse</Filter>
    </Image>
    <Image Include="Assets\sprites\pipe-green.png">
      <Filter>File di risorse</Filter>
    </Image>
    <Image Include="Assets\sprites\pipe-red.png">
      <Filter>File di risorse</Filter>
    </Image>
    <Image Include="Assets\sprites\redbird-downflap.png">
      <Filter>File di risorse</Filter>
    </Image>
    <Image Include="Assets\sprites\redbird-midflap.png">
      <Filter>File di risorse</Filter>
    </Image>
    <Image Include="Assets\sprites\redbird-upflap.png">
      <Filter>File di risorse</Filter>
    </Image>
    <Image Include="Assets\sprites\yellowbird-downflap.png">
      <Filter>File di risorse</Filter>
    </Image>
    <Image Include="Assets\sprites\yellowbird-midflap.png">
      <Filter>File di risorse</Filter>
    </Image>
    <Image Include="Assets\sprites\yellowbird-upflap.png">
      <Filter>File di risorse</Filter>
    </Image>
    <Image Include="Assets\sprites\background-day-extend.png">
      <Filter>File di risorse</Filter>
    </Image>
    <Image Include="Assets\sprites\base-extend.png">
      <Filter>File di risorse</Filter>
    </Image>
  </ItemGroup>
  <ItemGroup>
    <Text Include="SDL2\lib\x64\LICENSE.FLAC.txt" />
    <Text Include="SDL2\lib\x64\LICENSE.modplug.txt" />
    <Text Include="SDL2\lib\x64\LICENSE.mpg123.txt" />
    <Text Include="SDL2\lib\x64\LICENSE.ogg-vorbis.txt" />
    <Text Include="SDL2\lib\x64\LICENSE.opus.txt" />
    <Text Include="SDL2\lib\x64\LICENSE.opusfile.txt" />
  </ItemGroup>
</Project>